
Microsoft Visual Studio Solution File, Format Version 11.00
# Visual Studio 2010
Project("{FAE04EC0-301F-11D3-BF4B-00C04F79EFBC}") = "MasterPlanFinder", "MasterPlanFinder\MasterPlanFinder.csproj", "{3D8B225E-7173-4682-B75E-243797F8C46F}"
EndProject
Global
	GlobalSection(SolutionConfigurationPlatforms) = preSolution
		Debug|x86 = Debug|x86
		Release|x86 = Release|x86
	EndGlobalSection
	GlobalSection(ProjectConfigurationPlatforms) = postSolution
		{3D8B225E-7173-4682-B75E-243797F8C46F}.Debug|x86.ActiveCfg = Debug|x86
		{3D8B225E-7173-4682-B75E-243797F8C46F}.Debug|x86.Build.0 = Debug|x86
		{3D8B225E-7173-4682-B75E-243797F8C46F}.Release|x86.ActiveCfg = Release|x86
		{3D8B225E-7173-4682-B75E-243797F8C46F}.Release|x86.Build.0 = Release|x86
	EndGlobalSection
	GlobalSection(MonoDevelopProperties) = preSolution
		StartupItem = MasterPlanFinder\MasterPlanFinder.csproj
	EndGlobalSection
EndGlobal
